
Microsoft Visual Studio Solution File, Format Version 12.00
# Visual Studio 15
VisualStudioVersion = 15.0.27004.2005
MinimumVisualStudioVersion = 10.0.40219.1
Project("{9A19103F-16F7-4668-BE54-9A1E7A4F7556}") = "MemsMVC", "MemsMVC.csproj", "{74BD2FB8-3DFD-4A1E-B4FA-DB102B2F7B0A}"
EndProject
Global
	GlobalSection(SolutionConfigurationPlatforms) = preSolution
		Debug|Any CPU = Debug|Any CPU
		Release|Any CPU = Release|Any CPU
	EndGlobalSection
	GlobalSection(ProjectConfigurationPlatforms) = postSolution
		{74BD2FB8-3DFD-4A1E-B4FA-DB102B2F7B0A}.Debug|Any CPU.ActiveCfg = Debug|Any CPU
		{74BD2FB8-3DFD-4A1E-B4FA-DB102B2F7B0A}.Debug|Any CPU.Build.0 = Debug|Any CPU
		{74BD2FB8-3DFD-4A1E-B4FA-DB102B2F7B0A}.Release|Any CPU.ActiveCfg = Release|Any CPU
		{74BD2FB8-3DFD-4A1E-B4FA-DB102B2F7B0A}.Release|Any CPU.Build.0 = Release|Any CPU
	EndGlobalSection
	GlobalSection(SolutionProperties) = preSolution
		HideSolutionNode = FALSE
	EndGlobalSection
	GlobalSection(ExtensibilityGlobals) = postSolution
		SolutionGuid = {A32D94F3-0792-4866-B9ED-C763B5361A9C}
	EndGlobalSection
EndGlobal
